
Microsoft Visual Studio Solution File, Format Version 12.00
# Visual Studio 15
VisualStudioVersion = 15.0.26430.15
MinimumVisualStudioVersion = 10.0.40219.1
Project("{9A19103F-16F7-4668-BE54-9A1E7A4F7556}") = "Builder", "Builder\Builder.csproj", "{4DAA2074-F04E-4C78-991F-2DA26FF1E826}"
EndProject
Project("{9A19103F-16F7-4668-BE54-9A1E7A4F7556}") = "Factory", "Factory\Factory.csproj", "{3D24D4E6-F7B3-4976-A040-68A2A4E41DE9}"
EndProject
Project("{9A19103F-16F7-4668-BE54-9A1E7A4F7556}") = "Prototype", "Prototype\Prototype.csproj", "{12AA3BE4-857D-4E63-BAEF-ED1AE31F6743}"
EndProject
Project("{9A19103F-16F7-4668-BE54-9A1E7A4F7556}") = "Singleton", "Singleton\Singleton.csproj", "{83F6A834-6816-46F1-9128-189734C89579}"
EndProject
Project("{9A19103F-16F7-4668-BE54-9A1E7A4F7556}") = "Adapter", "Adapter\Adapter.csproj", "{59123210-A611-4CFE-8FB7-8CC6C77FC81D}"
EndProject
Project("{9A19103F-16F7-4668-BE54-9A1E7A4F7556}") = "Bridge", "Bridge\Bridge.csproj", "{0182B213-C9A4-4CE9-AC00-EA5ADAEF3540}"
EndProject
Project("{9A19103F-16F7-4668-BE54-9A1E7A4F7556}") = "Composite", "Composite\Composite.csproj", "{D6507BAC-72EE-4308-BE12-747067EF1275}"
EndProject
Project("{9A19103F-16F7-4668-BE54-9A1E7A4F7556}") = "Decorator", "Decorator\Decorator.csproj", "{E9741A41-8611-4933-969D-3BB8D3AAB319}"
EndProject
Project("{9A19103F-16F7-4668-BE54-9A1E7A4F7556}") = "Facade", "Facade\Facade.csproj", "{439976B4-115D-437B-ADF5-698C88812C24}"
EndProject
Project("{9A19103F-16F7-4668-BE54-9A1E7A4F7556}") = "Flyweight", "Flyweight\Flyweight.csproj", "{DAED4E92-0B83-42DE-A62F-A3F8684EF7FD}"
EndProject
Project("{9A19103F-16F7-4668-BE54-9A1E7A4F7556}") = "Proxy", "Proxy\Proxy.csproj", "{2C103089-9CC7-477C-BCB0-C9CE475693DD}"
EndProject
Project("{9A19103F-16F7-4668-BE54-9A1E7A4F7556}") = "ChainOfResponsibility", "ChainOfResponsibility\ChainOfResponsibility.csproj", "{530650CD-8B5E-4E8E-B25B-2483AA5AABDF}"
EndProject
Project("{9A19103F-16F7-4668-BE54-9A1E7A4F7556}") = "Command", "Command\Command.csproj", "{EDDBEF86-0149-4948-955D-A976B37AE7DC}"
EndProject
Project("{FAE04EC0-301F-11D3-BF4B-00C04F79EFBC}") = "Interpreter", "Interpreter\Interpreter.csproj", "{E84437C5-A166-441A-8B11-E2620519275B}"
EndProject
Global
	GlobalSection(SolutionConfigurationPlatforms) = preSolution
		Debug|Any CPU = Debug|Any CPU
		Release|Any CPU = Release|Any CPU
	EndGlobalSection
	GlobalSection(ProjectConfigurationPlatforms) = postSolution
		{4DAA2074-F04E-4C78-991F-2DA26FF1E826}.Debug|Any CPU.ActiveCfg = Debug|Any CPU
		{4DAA2074-F04E-4C78-991F-2DA26FF1E826}.Debug|Any CPU.Build.0 = Debug|Any CPU
		{4DAA2074-F04E-4C78-991F-2DA26FF1E826}.Release|Any CPU.ActiveCfg = Release|Any CPU
		{4DAA2074-F04E-4C78-991F-2DA26FF1E826}.Release|Any CPU.Build.0 = Release|Any CPU
		{3D24D4E6-F7B3-4976-A040-68A2A4E41DE9}.Debug|Any CPU.ActiveCfg = Debug|Any CPU
		{3D24D4E6-F7B3-4976-A040-68A2A4E41DE9}.Debug|Any CPU.Build.0 = Debug|Any CPU
		{3D24D4E6-F7B3-4976-A040-68A2A4E41DE9}.Release|Any CPU.ActiveCfg = Release|Any CPU
		{3D24D4E6-F7B3-4976-A040-68A2A4E41DE9}.Release|Any CPU.Build.0 = Release|Any CPU
		{12AA3BE4-857D-4E63-BAEF-ED1AE31F6743}.Debug|Any CPU.ActiveCfg = Debug|Any CPU
		{12AA3BE4-857D-4E63-BAEF-ED1AE31F6743}.Debug|Any CPU.Build.0 = Debug|Any CPU
		{12AA3BE4-857D-4E63-BAEF-ED1AE31F6743}.Release|Any CPU.ActiveCfg = Release|Any CPU
		{12AA3BE4-857D-4E63-BAEF-ED1AE31F6743}.Release|Any CPU.Build.0 = Release|Any CPU
		{83F6A834-6816-46F1-9128-189734C89579}.Debug|Any CPU.ActiveCfg = Debug|Any CPU
		{83F6A834-6816-46F1-9128-189734C89579}.Debug|Any CPU.Build.0 = Debug|Any CPU
		{83F6A834-6816-46F1-9128-189734C89579}.Release|Any CPU.ActiveCfg = Release|Any CPU
		{83F6A834-6816-46F1-9128-189734C89579}.Release|Any CPU.Build.0 = Release|Any CPU
		{59123210-A611-4CFE-8FB7-8CC6C77FC81D}.Debug|Any CPU.ActiveCfg = Debug|Any CPU
		{59123210-A611-4CFE-8FB7-8CC6C77FC81D}.Debug|Any CPU.Build.0 = Debug|Any CPU
		{59123210-A611-4CFE-8FB7-8CC6C77FC81D}.Release|Any CPU.ActiveCfg = Release|Any CPU
		{59123210-A611-4CFE-8FB7-8CC6C77FC81D}.Release|Any CPU.Build.0 = Release|Any CPU
		{0182B213-C9A4-4CE9-AC00-EA5ADAEF3540}.Debug|Any CPU.ActiveCfg = Debug|Any CPU
		{0182B213-C9A4-4CE9-AC00-EA5ADAEF3540}.Debug|Any CPU.Build.0 = Debug|Any CPU
		{0182B213-C9A4-4CE9-AC00-EA5ADAEF3540}.Release|Any CPU.ActiveCfg = Release|Any CPU
		{0182B213-C9A4-4CE9-AC00-EA5ADAEF3540}.Release|Any CPU.Build.0 = Release|Any CPU
		{D6507BAC-72EE-4308-BE12-747067EF1275}.Debug|Any CPU.ActiveCfg = Debug|Any CPU
		{D6507BAC-72EE-4308-BE12-747067EF1275}.Debug|Any CPU.Build.0 = Debug|Any CPU
		{D6507BAC-72EE-4308-BE12-747067EF1275}.Release|Any CPU.ActiveCfg = Release|Any CPU
		{D6507BAC-72EE-4308-BE12-747067EF1275}.Release|Any CPU.Build.0 = Release|Any CPU
		{E9741A41-8611-4933-969D-3BB8D3AAB319}.Debug|Any CPU.ActiveCfg = Debug|Any CPU
		{E9741A41-8611-4933-969D-3BB8D3AAB319}.Debug|Any CPU.Build.0 = Debug|Any CPU
		{E9741A41-8611-4933-969D-3BB8D3AAB319}.Release|Any CPU.ActiveCfg = Release|Any CPU
		{E9741A41-8611-4933-969D-3BB8D3AAB319}.Release|Any CPU.Build.0 = Release|Any CPU
		{439976B4-115D-437B-ADF5-698C88812C24}.Debug|Any CPU.ActiveCfg = Debug|Any CPU
		{439976B4-115D-437B-ADF5-698C88812C24}.Debug|Any CPU.Build.0 = Debug|Any CPU
		{439976B4-115D-437B-ADF5-698C88812C24}.Release|Any CPU.ActiveCfg = Release|Any CPU
		{439976B4-115D-437B-ADF5-698C88812C24}.Release|Any CPU.Build.0 = Release|Any CPU
		{DAED4E92-0B83-42DE-A62F-A3F8684EF7FD}.Debug|Any CPU.ActiveCfg = Debug|Any CPU
		{DAED4E92-0B83-42DE-A62F-A3F8684EF7FD}.Debug|Any CPU.Build.0 = Debug|Any CPU
		{DAED4E92-0B83-42DE-A62F-A3F8684EF7FD}.Release|Any CPU.ActiveCfg = Release|Any CPU
		{DAED4E92-0B83-42DE-A62F-A3F8684EF7FD}.Release|Any CPU.Build.0 = Release|Any CPU
		{2C103089-9CC7-477C-BCB0-C9CE475693DD}.Debug|Any CPU.ActiveCfg = Debug|Any CPU
		{2C103089-9CC7-477C-BCB0-C9CE475693DD}.Debug|Any CPU.Build.0 = Debug|Any CPU
		{2C103089-9CC7-477C-BCB0-C9CE475693DD}.Release|Any CPU.ActiveCfg = Release|Any CPU
		{2C103089-9CC7-477C-BCB0-C9CE475693DD}.Release|Any CPU.Build.0 = Release|Any CPU
		{530650CD-8B5E-4E8E-B25B-2483AA5AABDF}.Debug|Any CPU.ActiveCfg = Debug|Any CPU
		{530650CD-8B5E-4E8E-B25B-2483AA5AABDF}.Debug|Any CPU.Build.0 = Debug|Any CPU
		{530650CD-8B5E-4E8E-B25B-2483AA5AABDF}.Release|Any CPU.ActiveCfg = Release|Any CPU
		{530650CD-8B5E-4E8E-B25B-2483AA5AABDF}.Release|Any CPU.Build.0 = Release|Any CPU
		{EDDBEF86-0149-4948-955D-A976B37AE7DC}.Debug|Any CPU.ActiveCfg = Debug|Any CPU
		{EDDBEF86-0149-4948-955D-A976B37AE7DC}.Debug|Any CPU.Build.0 = Debug|Any CPU
		{EDDBEF86-0149-4948-955D-A976B37AE7DC}.Release|Any CPU.ActiveCfg = Release|Any CPU
		{EDDBEF86-0149-4948-955D-A976B37AE7DC}.Release|Any CPU.Build.0 = Release|Any CPU
		{E84437C5-A166-441A-8B11-E2620519275B}.Debug|Any CPU.ActiveCfg = Debug|Any CPU
		{E84437C5-A166-441A-8B11-E2620519275B}.Debug|Any CPU.Build.0 = Debug|Any CPU
		{E84437C5-A166-441A-8B11-E2620519275B}.Release|Any CPU.ActiveCfg = Release|Any CPU
		{E84437C5-A166-441A-8B11-E2620519275B}.Release|Any CPU.Build.0 = Release|Any CPU
	EndGlobalSection
	GlobalSection(SolutionProperties) = preSolution
		HideSolutionNode = FALSE
	EndGlobalSection
EndGlobal
